
Microsoft Visual Studio Solution File, Format Version 12.00
# Visual Studio 14
VisualStudioVersion = 14.0.24720.0
MinimumVisualStudioVersion = 10.0.40219.1
Project("{FAE04EC0-301F-11D3-BF4B-00C04F79EFBC}") = "weixinApi", "weixinApi\weixinApi.csproj", "{DE3A8F37-8942-4E1B-9C22-D7ED0BFC1389}"
EndProject
Project("{FAE04EC0-301F-11D3-BF4B-00C04F79EFBC}") = "weixinApi.Tests", "weixinApi.Tests\weixinApi.Tests.csproj", "{DDA2A34C-3FC1-48D4-9D6D-9B8F166438A1}"
EndProject
Project("{FAE04EC0-301F-11D3-BF4B-00C04F79EFBC}") = "service", "service\service.csproj", "{65430A23-8539-4243-9F55-3E68065687EA}"
EndProject
Project("{FAE04EC0-301F-11D3-BF4B-00C04F79EFBC}") = "Model", "Model\Model.csproj", "{731AC4E6-F373-45CE-8B52-377D368E10E8}"
EndProject
Global
	GlobalSection(SolutionConfigurationPlatforms) = preSolution
		Debug|Any CPU = Debug|Any CPU
		Release|Any CPU = Release|Any CPU
	EndGlobalSection
	GlobalSection(ProjectConfigurationPlatforms) = postSolution
		{DE3A8F37-8942-4E1B-9C22-D7ED0BFC1389}.Debug|Any CPU.ActiveCfg = Debug|Any CPU
		{DE3A8F37-8942-4E1B-9C22-D7ED0BFC1389}.Debug|Any CPU.Build.0 = Debug|Any CPU
		{DE3A8F37-8942-4E1B-9C22-D7ED0BFC1389}.Release|Any CPU.ActiveCfg = Release|Any CPU
		{DE3A8F37-8942-4E1B-9C22-D7ED0BFC1389}.Release|Any CPU.Build.0 = Release|Any CPU
		{DDA2A34C-3FC1-48D4-9D6D-9B8F166438A1}.Debug|Any CPU.ActiveCfg = Debug|Any CPU
		{DDA2A34C-3FC1-48D4-9D6D-9B8F166438A1}.Debug|Any CPU.Build.0 = Debug|Any CPU
		{DDA2A34C-3FC1-48D4-9D6D-9B8F166438A1}.Release|Any CPU.ActiveCfg = Release|Any CPU
		{DDA2A34C-3FC1-48D4-9D6D-9B8F166438A1}.Release|Any CPU.Build.0 = Release|Any CPU
		{65430A23-8539-4243-9F55-3E68065687EA}.Debug|Any CPU.ActiveCfg = Debug|Any CPU
		{65430A23-8539-4243-9F55-3E68065687EA}.Debug|Any CPU.Build.0 = Debug|Any CPU
		{65430A23-8539-4243-9F55-3E68065687EA}.Release|Any CPU.ActiveCfg = Release|Any CPU
		{65430A23-8539-4243-9F55-3E68065687EA}.Release|Any CPU.Build.0 = Release|Any CPU
		{731AC4E6-F373-45CE-8B52-377D368E10E8}.Debug|Any CPU.ActiveCfg = Debug|Any CPU
		{731AC4E6-F373-45CE-8B52-377D368E10E8}.Debug|Any CPU.Build.0 = Debug|Any CPU
		{731AC4E6-F373-45CE-8B52-377D368E10E8}.Release|Any CPU.ActiveCfg = Release|Any CPU
		{731AC4E6-F373-45CE-8B52-377D368E10E8}.Release|Any CPU.Build.0 = Release|Any CPU
	EndGlobalSection
	GlobalSection(SolutionProperties) = preSolution
		HideSolutionNode = FALSE
	EndGlobalSection
EndGlobal
